{
  "name": "cdkoa",
  "version": "1.0.0",
  "lockfileVersion": 1,
  "requires": true,
  "dependencies": {
    "@types/node": {
      "version": "16.7.7",
      "resolved": "https://registry.npmjs.org/@types/node/-/node-16.7.7.tgz",
      "integrity": "sha512-bxWC4rgIF/FjM7JsPvpk6ZKGITgw27qsYCbi6h4kWZWYpchOLENgvFaRBZUc64Q/M1y+X2EteahRbyo8QFCKdw==",
      "dev": true
    },
    "constructs": {
      "version": "3.3.137",
      "resolved": "https://registry.npmjs.org/constructs/-/constructs-3.3.137.tgz",
      "integrity": "sha512-3SUS8kdTIumhhaeisinnRVipUDNq0VZDDISHCETjeUKoAMnFwrrY/VcdY+IZ1s70dIWkn4GnBElFtdTk9169Sw=="
    },
    "typescript": {
      "version": "4.4.2",
      "resolved": "https://registry.npmjs.org/typescript/-/typescript-4.4.2.tgz",
      "integrity": "sha512-gzP+t5W4hdy4c+68bfcv0t400HVJMMd2+H9B7gae1nQlBzCqvrXX+6GL/b3GAgyTH966pzrZ70/fRjwAtZksSQ=="
    }
  }
}
